
Microsoft Visual Studio Solution File, Format Version 12.00
# Visual Studio 15
VisualStudioVersion = 15.0.28010.2026
MinimumVisualStudioVersion = 10.0.40219.1
Project("{8BC9CEB8-8B4A-11D0-8D11-00A0C91BC942}") = "z2", "z2\z2.vcxproj", "{FB4E9F08-09CF-4FFC-B8E6-4B1873C10DA7}"
EndProject
Project("{8BC9CEB8-8B4A-11D0-8D11-00A0C91BC942}") = "z3", "z3\z3.vcxproj", "{8FEC0487-91F4-44BE-A939-321CBA8CA3C6}"
EndProject
Project("{8BC9CEB8-8B4A-11D0-8D11-00A0C91BC942}") = "z4", "z4\z4.vcxproj", "{65686E3E-FD04-463A-B67F-69B376421C51}"
EndProject
Project("{8BC9CEB8-8B4A-11D0-8D11-00A0C91BC942}") = "z5", "z5\z5.vcxproj", "{65646614-1EA8-453F-89A4-15D9355EBD57}"
EndProject
Project("{8BC9CEB8-8B4A-11D0-8D11-00A0C91BC942}") = "z6", "z6\z6.vcxproj", "{D398AA08-6D06-4FA0-AD76-E74C8DC5DB0A}"
EndProject
Global
	GlobalSection(SolutionConfigurationPlatforms) = preSolution
		Debug|Any CPU = Debug|Any CPU
		Debug|x64 = Debug|x64
		Debug|x86 = Debug|x86
		Release|Any CPU = Release|Any CPU
		Release|x64 = Release|x64
		Release|x86 = Release|x86
	EndGlobalSection
	GlobalSection(ProjectConfigurationPlatforms) = postSolution
		{FB4E9F08-09CF-4FFC-B8E6-4B1873C10DA7}.Debug|Any CPU.ActiveCfg = Debug|Win32
		{FB4E9F08-09CF-4FFC-B8E6-4B1873C10DA7}.Debug|x64.ActiveCfg = Debug|x64
		{FB4E9F08-09CF-4FFC-B8E6-4B1873C10DA7}.Debug|x64.Build.0 = Debug|x64
		{FB4E9F08-09CF-4FFC-B8E6-4B1873C10DA7}.Debug|x86.ActiveCfg = Debug|Win32
		{FB4E9F08-09CF-4FFC-B8E6-4B1873C10DA7}.Debug|x86.Build.0 = Debug|Win32
		{FB4E9F08-09CF-4FFC-B8E6-4B1873C10DA7}.Release|Any CPU.ActiveCfg = Release|Win32
		{FB4E9F08-09CF-4FFC-B8E6-4B1873C10DA7}.Release|x64.ActiveCfg = Release|x64
		{FB4E9F08-09CF-4FFC-B8E6-4B1873C10DA7}.Release|x64.Build.0 = Release|x64
		{FB4E9F08-09CF-4FFC-B8E6-4B1873C10DA7}.Release|x86.ActiveCfg = Release|Win32
		{FB4E9F08-09CF-4FFC-B8E6-4B1873C10DA7}.Release|x86.Build.0 = Release|Win32
		{8FEC0487-91F4-44BE-A939-321CBA8CA3C6}.Debug|Any CPU.ActiveCfg = Debug|Win32
		{8FEC0487-91F4-44BE-A939-321CBA8CA3C6}.Debug|x64.ActiveCfg = Debug|x64
		{8FEC0487-91F4-44BE-A939-321CBA8CA3C6}.Debug|x64.Build.0 = Debug|x64
		{8FEC0487-91F4-44BE-A939-321CBA8CA3C6}.Debug|x86.ActiveCfg = Debug|Win32
		{8FEC0487-91F4-44BE-A939-321CBA8CA3C6}.Debug|x86.Build.0 = Debug|Win32
		{8FEC0487-91F4-44BE-A939-321CBA8CA3C6}.Release|Any CPU.ActiveCfg = Release|Win32
		{8FEC0487-91F4-44BE-A939-321CBA8CA3C6}.Release|x64.ActiveCfg = Release|x64
		{8FEC0487-91F4-44BE-A939-321CBA8CA3C6}.Release|x64.Build.0 = Release|x64
		{8FEC0487-91F4-44BE-A939-321CBA8CA3C6}.Release|x86.ActiveCfg = Release|Win32
		{8FEC0487-91F4-44BE-A939-321CBA8CA3C6}.Release|x86.Build.0 = Release|Win32
		{65686E3E-FD04-463A-B67F-69B376421C51}.Debug|Any CPU.ActiveCfg = Debug|Win32
		{65686E3E-FD04-463A-B67F-69B376421C51}.Debug|x64.ActiveCfg = Debug|x64
		{65686E3E-FD04-463A-B67F-69B376421C51}.Debug|x64.Build.0 = Debug|x64
		{65686E3E-FD04-463A-B67F-69B376421C51}.Debug|x86.ActiveCfg = Debug|Win32
		{65686E3E-FD04-463A-B67F-69B376421C51}.Debug|x86.Build.0 = Debug|Win32
		{65686E3E-FD04-463A-B67F-69B376421C51}.Release|Any CPU.ActiveCfg = Release|Win32
		{65686E3E-FD04-463A-B67F-69B376421C51}.Release|x64.ActiveCfg = Release|x64
		{65686E3E-FD04-463A-B67F-69B376421C51}.Release|x64.Build.0 = Release|x64
		{65686E3E-FD04-463A-B67F-69B376421C51}.Release|x86.ActiveCfg = Release|Win32
		{65686E3E-FD04-463A-B67F-69B376421C51}.Release|x86.Build.0 = Release|Win32
		{65646614-1EA8-453F-89A4-15D9355EBD57}.Debug|Any CPU.ActiveCfg = Debug|Win32
		{65646614-1EA8-453F-89A4-15D9355EBD57}.Debug|x64.ActiveCfg = Debug|x64
		{65646614-1EA8-453F-89A4-15D9355EBD57}.Debug|x64.Build.0 = Debug|x64
		{65646614-1EA8-453F-89A4-15D9355EBD57}.Debug|x86.ActiveCfg = Debug|Win32
		{65646614-1EA8-453F-89A4-15D9355EBD57}.Debug|x86.Build.0 = Debug|Win32
		{65646614-1EA8-453F-89A4-15D9355EBD57}.Release|Any CPU.ActiveCfg = Release|Win32
		{65646614-1EA8-453F-89A4-15D9355EBD57}.Release|x64.ActiveCfg = Release|x64
		{65646614-1EA8-453F-89A4-15D9355EBD57}.Release|x64.Build.0 = Release|x64
		{65646614-1EA8-453F-89A4-15D9355EBD57}.Release|x86.ActiveCfg = Release|Win32
		{65646614-1EA8-453F-89A4-15D9355EBD57}.Release|x86.Build.0 = Release|Win32
		{D398AA08-6D06-4FA0-AD76-E74C8DC5DB0A}.Debug|Any CPU.ActiveCfg = Debug|Win32
		{D398AA08-6D06-4FA0-AD76-E74C8DC5DB0A}.Debug|x64.ActiveCfg = Debug|x64
		{D398AA08-6D06-4FA0-AD76-E74C8DC5DB0A}.Debug|x64.Build.0 = Debug|x64
		{D398AA08-6D06-4FA0-AD76-E74C8DC5DB0A}.Debug|x86.ActiveCfg = Debug|Win32
		{D398AA08-6D06-4FA0-AD76-E74C8DC5DB0A}.Debug|x86.Build.0 = Debug|Win32
		{D398AA08-6D06-4FA0-AD76-E74C8DC5DB0A}.Release|Any CPU.ActiveCfg = Release|Win32
		{D398AA08-6D06-4FA0-AD76-E74C8DC5DB0A}.Release|x64.ActiveCfg = Release|x64
		{D398AA08-6D06-4FA0-AD76-E74C8DC5DB0A}.Release|x64.Build.0 = Release|x64
		{D398AA08-6D06-4FA0-AD76-E74C8DC5DB0A}.Release|x86.ActiveCfg = Release|Win32
		{D398AA08-6D06-4FA0-AD76-E74C8DC5DB0A}.Release|x86.Build.0 = Release|Win32
	EndGlobalSection
	GlobalSection(SolutionProperties) = preSolution
		HideSolutionNode = FALSE
	EndGlobalSection
	GlobalSection(ExtensibilityGlobals) = postSolution
		SolutionGuid = {BE2ABE4F-4D8D-4B5F-8B3A-FB679CD03643}
	EndGlobalSection
EndGlobal
