
Microsoft Visual Studio Solution File, Format Version 12.00
# Visual Studio 15
VisualStudioVersion = 15.0.26430.15
MinimumVisualStudioVersion = 10.0.40219.1
Project("{8BC9CEB8-8B4A-11D0-8D11-00A0C91BC942}") = "ServerMS", "ServerMS\ServerMS.vcxproj", "{98E76EC2-9345-4426-88FA-F3A37E9C50D4}"
EndProject
Project("{8BC9CEB8-8B4A-11D0-8D11-00A0C91BC942}") = "ClientMS", "ClientMS\ClientMS.vcxproj", "{84A88B0B-4AA1-49C4-B97B-570140C8D433}"
EndProject
Global
	GlobalSection(SolutionConfigurationPlatforms) = preSolution
		Debug|x64 = Debug|x64
		Debug|x86 = Debug|x86
		Release|x64 = Release|x64
		Release|x86 = Release|x86
	EndGlobalSection
	GlobalSection(ProjectConfigurationPlatforms) = postSolution
		{98E76EC2-9345-4426-88FA-F3A37E9C50D4}.Debug|x64.ActiveCfg = Debug|x64
		{98E76EC2-9345-4426-88FA-F3A37E9C50D4}.Debug|x64.Build.0 = Debug|x64
		{98E76EC2-9345-4426-88FA-F3A37E9C50D4}.Debug|x86.ActiveCfg = Debug|Win32
		{98E76EC2-9345-4426-88FA-F3A37E9C50D4}.Debug|x86.Build.0 = Debug|Win32
		{98E76EC2-9345-4426-88FA-F3A37E9C50D4}.Release|x64.ActiveCfg = Release|x64
		{98E76EC2-9345-4426-88FA-F3A37E9C50D4}.Release|x64.Build.0 = Release|x64
		{98E76EC2-9345-4426-88FA-F3A37E9C50D4}.Release|x86.ActiveCfg = Release|Win32
		{98E76EC2-9345-4426-88FA-F3A37E9C50D4}.Release|x86.Build.0 = Release|Win32
		{84A88B0B-4AA1-49C4-B97B-570140C8D433}.Debug|x64.ActiveCfg = Debug|x64
		{84A88B0B-4AA1-49C4-B97B-570140C8D433}.Debug|x64.Build.0 = Debug|x64
		{84A88B0B-4AA1-49C4-B97B-570140C8D433}.Debug|x86.ActiveCfg = Debug|Win32
		{84A88B0B-4AA1-49C4-B97B-570140C8D433}.Debug|x86.Build.0 = Debug|Win32
		{84A88B0B-4AA1-49C4-B97B-570140C8D433}.Release|x64.ActiveCfg = Release|x64
		{84A88B0B-4AA1-49C4-B97B-570140C8D433}.Release|x64.Build.0 = Release|x64
		{84A88B0B-4AA1-49C4-B97B-570140C8D433}.Release|x86.ActiveCfg = Release|Win32
		{84A88B0B-4AA1-49C4-B97B-570140C8D433}.Release|x86.Build.0 = Release|Win32
	EndGlobalSection
	GlobalSection(SolutionProperties) = preSolution
		HideSolutionNode = FALSE
	EndGlobalSection
EndGlobal
